{
  "lockfile_version": "1",
  "packages": {
    "watchexec@latest": {
      "last_modified": "2024-05-22T06:18:38Z",
      "resolved": "github:NixOS/nixpkgs/3f316d2a50699a78afe5e77ca486ad553169061e#watchexec",
      "source": "devbox-search",
      "version": "2.1.1",
      "systems": {
        "aarch64-darwin": {
          "outputs": [
            {
              "name": "out",
              "path": "/nix/store/vrc1d8c5icf0zgckgqbnfvawrbayxzr4-watchexec-2.1.1",
              "default": true
            }
          ],
          "store_path": "/nix/store/vrc1d8c5icf0zgckgqbnfvawrbayxzr4-watchexec-2.1.1"
        },
        "aarch64-linux": {
          "outputs": [
            {
              "name": "out",
              "path": "/nix/store/d1ww6p9i8mgfy4d6kdzbxj9skryx7sik-watchexec-2.1.1",
              "default": true
            }
          ],
          "store_path": "/nix/store/d1ww6p9i8mgfy4d6kdzbxj9skryx7sik-watchexec-2.1.1"
        },
        "x86_64-darwin": {
          "outputs": [
            {
              "name": "out",
              "path": "/nix/store/hgrll07rfjkl6sqs0kj14w7ypcf1vj7x-watchexec-2.1.1",
              "default": true
            }
          ],
          "store_path": "/nix/store/hgrll07rfjkl6sqs0kj14w7ypcf1vj7x-watchexec-2.1.1"
        },
        "x86_64-linux": {
          "outputs": [
            {
              "name": "out",
              "path": "/nix/store/fzzcqdg3cxkqnxak2hxzl336v7yvz1vv-watchexec-2.1.1",
              "default": true
            }
          ],
          "store_path": "/nix/store/fzzcqdg3cxkqnxak2hxzl336v7yvz1vv-watchexec-2.1.1"
        }
      }
    },
    "zig@0.12.0": {
      "last_modified": "2024-05-22T06:18:38Z",
      "resolved": "github:NixOS/nixpkgs/3f316d2a50699a78afe5e77ca486ad553169061e#zig",
      "source": "devbox-search",
      "version": "0.12.0",
      "systems": {
        "aarch64-darwin": {
          "outputs": [
            {
              "name": "out",
              "path": "/nix/store/v1y7n4a9ns3ffkkv5hh4lncnc93jaiwb-zig-0.12.0",
              "default": true
            },
            {
              "name": "doc",
              "path": "/nix/store/2zy67ca2m7ma69zxn429892s199gqnbv-zig-0.12.0-doc"
            }
          ],
          "store_path": "/nix/store/v1y7n4a9ns3ffkkv5hh4lncnc93jaiwb-zig-0.12.0"
        },
        "aarch64-linux": {
          "outputs": [
            {
              "name": "out",
              "path": "/nix/store/i6813qmwhh6arxq03nabhy9xq69nl88g-zig-0.12.0",
              "default": true
            },
            {
              "name": "doc",
              "path": "/nix/store/qad91rcg1pcbhzymlbsb98r9qpklbsw2-zig-0.12.0-doc"
            }
          ],
          "store_path": "/nix/store/i6813qmwhh6arxq03nabhy9xq69nl88g-zig-0.12.0"
        },
        "x86_64-darwin": {
          "outputs": [
            {
              "name": "out",
              "path": "/nix/store/zzp9xhc0cjgzvjzwvylf9ymlycvic40a-zig-0.12.0",
              "default": true
            },
            {
              "name": "doc",
              "path": "/nix/store/ii4m7jw948ly4dk6zyb05pnkhqbhy5v5-zig-0.12.0-doc"
            }
          ],
          "store_path": "/nix/store/zzp9xhc0cjgzvjzwvylf9ymlycvic40a-zig-0.12.0"
        },
        "x86_64-linux": {
          "outputs": [
            {
              "name": "out",
              "path": "/nix/store/rwjg7srpajzp1bcibgx2lzd3xv273d50-zig-0.12.0",
              "default": true
            },
            {
              "name": "doc",
              "path": "/nix/store/4xz8kb5xk24hpcpdajyrn47n8xr5nsmz-zig-0.12.0-doc"
            }
          ],
          "store_path": "/nix/store/rwjg7srpajzp1bcibgx2lzd3xv273d50-zig-0.12.0"
        }
      }
    },
    "zls@latest": {
      "last_modified": "2024-05-22T06:18:38Z",
      "resolved": "github:NixOS/nixpkgs/3f316d2a50699a78afe5e77ca486ad553169061e#zls",
      "source": "devbox-search",
      "version": "0.12.0",
      "systems": {
        "aarch64-darwin": {
          "outputs": [
            {
              "name": "out",
              "path": "/nix/store/r6wlyrmhwb8hcbiiami1fj1d5nqh5gqd-zls-0.12.0",
              "default": true
            }
          ],
          "store_path": "/nix/store/r6wlyrmhwb8hcbiiami1fj1d5nqh5gqd-zls-0.12.0"
        },
        "aarch64-linux": {
          "outputs": [
            {
              "name": "out",
              "path": "/nix/store/ypyvlhr5nv5dwk4h0sz0m9cd6gg9fxb7-zls-0.12.0",
              "default": true
            }
          ],
          "store_path": "/nix/store/ypyvlhr5nv5dwk4h0sz0m9cd6gg9fxb7-zls-0.12.0"
        },
        "x86_64-darwin": {
          "outputs": [
            {
              "name": "out",
              "path": "/nix/store/fka9hz0sa5aqhk08b1i0278npn93xlmz-zls-0.12.0",
              "default": true
            }
          ],
          "store_path": "/nix/store/fka9hz0sa5aqhk08b1i0278npn93xlmz-zls-0.12.0"
        },
        "x86_64-linux": {
          "outputs": [
            {
              "name": "out",
              "path": "/nix/store/i31dmf8hx4kc2j5f9libdf4akin2hfgc-zls-0.12.0",
              "default": true
            }
          ],
          "store_path": "/nix/store/i31dmf8hx4kc2j5f9libdf4akin2hfgc-zls-0.12.0"
        }
      }
    }
  }
}
