{
  "lockfile_version": "1",
  "packages": {
    "valgrind@latest": {
      "last_modified": "2024-05-30T23:48:18Z",
      "resolved": "github:NixOS/nixpkgs/6132b0f6e344ce2fe34fc051b72fb46e34f668e0#valgrind",
      "source": "devbox-search",
      "version": "3.22.0",
      "systems": {
        "aarch64-linux": {
          "outputs": [
            {
              "name": "out",
              "path": "/nix/store/w4adbx4l37ysq6ck0019hdc4v4ym9yy7-valgrind-3.22.0",
              "default": true
            },
            {
              "name": "man",
              "path": "/nix/store/3jwh1qhxbimcbnm6ci3mxaqrrzif2ygr-valgrind-3.22.0-man",
              "default": true
            },
            {
              "name": "debug",
              "path": "/nix/store/bxnbb3v3w1wislig3ky7p4psyav64vxx-valgrind-3.22.0-debug"
            },
            {
              "name": "dev",
              "path": "/nix/store/9hxj30xz08dn0h0nk5a5qcrnr6wmd00a-valgrind-3.22.0-dev"
            },
            {
              "name": "doc",
              "path": "/nix/store/38kqa6l5n8vwb10kix4jxkwx7z35pw0i-valgrind-3.22.0-doc"
            }
          ],
          "store_path": "/nix/store/w4adbx4l37ysq6ck0019hdc4v4ym9yy7-valgrind-3.22.0"
        },
        "x86_64-linux": {
          "outputs": [
            {
              "name": "out",
              "path": "/nix/store/s53n2984apb0xifav4pannbdw974nrwr-valgrind-3.22.0",
              "default": true
            },
            {
              "name": "man",
              "path": "/nix/store/7kilfd6z2351pplflr1yaymn3wca04v8-valgrind-3.22.0-man",
              "default": true
            },
            {
              "name": "doc",
              "path": "/nix/store/yqcwnlnxjv36gsagb7lwkas7vrjg6ksq-valgrind-3.22.0-doc"
            },
            {
              "name": "debug",
              "path": "/nix/store/pi5272cgwfl4gn6j82axhv55vz132k3s-valgrind-3.22.0-debug"
            },
            {
              "name": "dev",
              "path": "/nix/store/kmgy7qzfwhy2ihylqbjbcixnqs8lljsp-valgrind-3.22.0-dev"
            }
          ],
          "store_path": "/nix/store/s53n2984apb0xifav4pannbdw974nrwr-valgrind-3.22.0"
        }
      }
    },
    "watchexec@latest": {
      "last_modified": "2024-05-22T06:18:38Z",
      "resolved": "github:NixOS/nixpkgs/3f316d2a50699a78afe5e77ca486ad553169061e#watchexec",
      "source": "devbox-search",
      "version": "2.1.1",
      "systems": {
        "aarch64-darwin": {
          "outputs": [
            {
              "name": "out",
              "path": "/nix/store/vrc1d8c5icf0zgckgqbnfvawrbayxzr4-watchexec-2.1.1",
              "default": true
            }
          ],
          "store_path": "/nix/store/vrc1d8c5icf0zgckgqbnfvawrbayxzr4-watchexec-2.1.1"
        },
        "aarch64-linux": {
          "outputs": [
            {
              "name": "out",
              "path": "/nix/store/d1ww6p9i8mgfy4d6kdzbxj9skryx7sik-watchexec-2.1.1",
              "default": true
            }
          ],
          "store_path": "/nix/store/d1ww6p9i8mgfy4d6kdzbxj9skryx7sik-watchexec-2.1.1"
        },
        "x86_64-darwin": {
          "outputs": [
            {
              "name": "out",
              "path": "/nix/store/hgrll07rfjkl6sqs0kj14w7ypcf1vj7x-watchexec-2.1.1",
              "default": true
            }
          ],
          "store_path": "/nix/store/hgrll07rfjkl6sqs0kj14w7ypcf1vj7x-watchexec-2.1.1"
        },
        "x86_64-linux": {
          "outputs": [
            {
              "name": "out",
              "path": "/nix/store/fzzcqdg3cxkqnxak2hxzl336v7yvz1vv-watchexec-2.1.1",
              "default": true
            }
          ],
          "store_path": "/nix/store/fzzcqdg3cxkqnxak2hxzl336v7yvz1vv-watchexec-2.1.1"
        }
      }
    },
    "zig@0.12.0": {
      "last_modified": "2024-05-22T06:18:38Z",
      "resolved": "github:NixOS/nixpkgs/3f316d2a50699a78afe5e77ca486ad553169061e#zig",
      "source": "devbox-search",
      "version": "0.12.0",
      "systems": {
        "aarch64-darwin": {
          "outputs": [
            {
              "name": "out",
              "path": "/nix/store/v1y7n4a9ns3ffkkv5hh4lncnc93jaiwb-zig-0.12.0",
              "default": true
            },
            {
              "name": "doc",
              "path": "/nix/store/2zy67ca2m7ma69zxn429892s199gqnbv-zig-0.12.0-doc"
            }
          ],
          "store_path": "/nix/store/v1y7n4a9ns3ffkkv5hh4lncnc93jaiwb-zig-0.12.0"
        },
        "aarch64-linux": {
          "outputs": [
            {
              "name": "out",
              "path": "/nix/store/i6813qmwhh6arxq03nabhy9xq69nl88g-zig-0.12.0",
              "default": true
            },
            {
              "name": "doc",
              "path": "/nix/store/qad91rcg1pcbhzymlbsb98r9qpklbsw2-zig-0.12.0-doc"
            }
          ],
          "store_path": "/nix/store/i6813qmwhh6arxq03nabhy9xq69nl88g-zig-0.12.0"
        },
        "x86_64-darwin": {
          "outputs": [
            {
              "name": "out",
              "path": "/nix/store/zzp9xhc0cjgzvjzwvylf9ymlycvic40a-zig-0.12.0",
              "default": true
            },
            {
              "name": "doc",
              "path": "/nix/store/ii4m7jw948ly4dk6zyb05pnkhqbhy5v5-zig-0.12.0-doc"
            }
          ],
          "store_path": "/nix/store/zzp9xhc0cjgzvjzwvylf9ymlycvic40a-zig-0.12.0"
        },
        "x86_64-linux": {
          "outputs": [
            {
              "name": "out",
              "path": "/nix/store/rwjg7srpajzp1bcibgx2lzd3xv273d50-zig-0.12.0",
              "default": true
            },
            {
              "name": "doc",
              "path": "/nix/store/4xz8kb5xk24hpcpdajyrn47n8xr5nsmz-zig-0.12.0-doc"
            }
          ],
          "store_path": "/nix/store/rwjg7srpajzp1bcibgx2lzd3xv273d50-zig-0.12.0"
        }
      }
    },
    "zls@latest": {
      "last_modified": "2024-05-22T06:18:38Z",
      "resolved": "github:NixOS/nixpkgs/3f316d2a50699a78afe5e77ca486ad553169061e#zls",
      "source": "devbox-search",
      "version": "0.12.0",
      "systems": {
        "aarch64-darwin": {
          "outputs": [
            {
              "name": "out",
              "path": "/nix/store/r6wlyrmhwb8hcbiiami1fj1d5nqh5gqd-zls-0.12.0",
              "default": true
            }
          ],
          "store_path": "/nix/store/r6wlyrmhwb8hcbiiami1fj1d5nqh5gqd-zls-0.12.0"
        },
        "aarch64-linux": {
          "outputs": [
            {
              "name": "out",
              "path": "/nix/store/ypyvlhr5nv5dwk4h0sz0m9cd6gg9fxb7-zls-0.12.0",
              "default": true
            }
          ],
          "store_path": "/nix/store/ypyvlhr5nv5dwk4h0sz0m9cd6gg9fxb7-zls-0.12.0"
        },
        "x86_64-darwin": {
          "outputs": [
            {
              "name": "out",
              "path": "/nix/store/fka9hz0sa5aqhk08b1i0278npn93xlmz-zls-0.12.0",
              "default": true
            }
          ],
          "store_path": "/nix/store/fka9hz0sa5aqhk08b1i0278npn93xlmz-zls-0.12.0"
        },
        "x86_64-linux": {
          "outputs": [
            {
              "name": "out",
              "path": "/nix/store/i31dmf8hx4kc2j5f9libdf4akin2hfgc-zls-0.12.0",
              "default": true
            }
          ],
          "store_path": "/nix/store/i31dmf8hx4kc2j5f9libdf4akin2hfgc-zls-0.12.0"
        }
      }
    }
  }
}
